
Microsoft Visual Studio Solution File, Format Version 12.00
# Visual Studio 15
VisualStudioVersion = 15.0.28307.960
MinimumVisualStudioVersion = 10.0.40219.1
Project("{FAE04EC0-301F-11D3-BF4B-00C04F79EFBC}") = "RestAPIsApplication", "RestAPIsApplication\RestAPIsApplication.csproj", "{8187C6AF-6A14-4AB8-854E-F7405FC9B91B}"
EndProject
Global
	GlobalSection(SolutionConfigurationPlatforms) = preSolution
		Debug|Any CPU = Debug|Any CPU
		Release|Any CPU = Release|Any CPU
	EndGlobalSection
	GlobalSection(ProjectConfigurationPlatforms) = postSolution
		{8187C6AF-6A14-4AB8-854E-F7405FC9B91B}.Debug|Any CPU.ActiveCfg = Debug|Any CPU
		{8187C6AF-6A14-4AB8-854E-F7405FC9B91B}.Debug|Any CPU.Build.0 = Debug|Any CPU
		{8187C6AF-6A14-4AB8-854E-F7405FC9B91B}.Release|Any CPU.ActiveCfg = Release|Any CPU
		{8187C6AF-6A14-4AB8-854E-F7405FC9B91B}.Release|Any CPU.Build.0 = Release|Any CPU
	EndGlobalSection
	GlobalSection(SolutionProperties) = preSolution
		HideSolutionNode = FALSE
	EndGlobalSection
	GlobalSection(ExtensibilityGlobals) = postSolution
		SolutionGuid = {24F8701F-623A-466A-9B32-839A87BC7DB6}
	EndGlobalSection
EndGlobal
